{
  "version": 4,
  "terraform_version": "0.12.6",
  "serial": 3,
  "lineage": "2ee1bdc7-c4ae-2b11-5028-42271623e2a2",
  "outputs": {
    "additional_zones": {
      "value": [],
      "type": [
        "set",
        "string"
      ]
    },
    "cluster_name": {
      "value": "my-gke-cluster",
      "type": "string"
    },
    "endpoint": {
      "value": "35.204.37.161",
      "type": "string"
    },
    "node_version": {
      "value": "1.12.8-gke.10",
      "type": "string"
    },
    "primary_zone": {
      "value": "europe-west4-a",
      "type": "string"
    }
  },
  "resources": [
    {
      "mode": "managed",
      "type": "google_container_cluster",
      "name": "primary",
      "provider": "provider.google",
      "instances": [
        {
          "schema_version": 1,
          "attributes": {
            "additional_zones": [],
            "addons_config": [
              {
                "horizontal_pod_autoscaling": [],
                "http_load_balancing": [],
                "kubernetes_dashboard": [
                  {
                    "disabled": true
                  }
                ],
                "network_policy_config": [
                  {
                    "disabled": true
                  }
                ]
              }
            ],
            "cluster_autoscaling": [],
            "cluster_ipv4_cidr": "10.32.0.0/14",
            "description": "",
            "enable_binary_authorization": null,
            "enable_intranode_visibility": null,
            "enable_kubernetes_alpha": false,
            "enable_legacy_abac": false,
            "enable_tpu": null,
            "endpoint": "35.204.37.161",
            "id": "my-gke-cluster",
            "initial_node_count": 1,
            "instance_group_urls": [],
            "ip_allocation_policy": [],
            "location": "europe-west4-a",
            "logging_service": "logging.googleapis.com",
            "maintenance_policy": [],
            "master_auth": [
              {
                "client_certificate": "",
                "client_certificate_config": [
                  {
                    "issue_client_certificate": false
                  }
                ],
                "client_key": "",
                "cluster_ca_certificate": "LS0tLS1CRUdJTiBDRVJUSUZJQ0FURS0tLS0tCk1JSURERENDQWZTZ0F3SUJBZ0lSQUoxUGJXM2duamErWG9xVFV5ZE8wcll3RFFZSktvWklodmNOQVFFTEJRQXcKTHpFdE1Dc0dBMVVFQXhNa056RTNNekZrWVRJdFlUWTJOQzAwTWpOakxUaGlNekV0TW1Wa1pqRXhNMk5tTVRrMgpNQjRYRFRFNU1EZ3dNVEUzTURZeU9Wb1hEVEkwTURjek1ERTRNRFl5T1Zvd0x6RXRNQ3NHQTFVRUF4TWtOekUzCk16RmtZVEl0WVRZMk5DMDBNak5qTFRoaU16RXRNbVZrWmpFeE0yTm1NVGsyTUlJQklqQU5CZ2txaGtpRzl3MEIKQVFFRkFBT0NBUThBTUlJQkNnS0NBUUVBcFhHTzdqS3A2d2pFME9sQURwNjJJTkwzZThrbGUvdENia0FLWTBlOAo2M1BpcGZpenNvTFE4Qy83ZytQU0tpS0sybEIwZHZ6K1FtSEpaOEw2RGR1UUdWdGNCTSs5QXlDT2hFVEFVSnRVCjZXVXAzNEN4b0d2Mk9xK2g5Z0NmSmNrU0FQdXRzSGswK0NCdDVmSEV4UTROeGt6QVdzbWlVRW1oTEliYTkyQUYKRnMrQkUzMGZEN3VwdHdUZm16OW9sZmFsdHkwNDlzcjRzZ2VmSWpuNjkvQ3Zkd0E5SXI4QTI0eTJRZkVaL0JDSQpzQVE4R0U5THZPK3MxUEtoa29MajR2dnpOVVBDUnlQQjl5cm9rSmZwTC8xdXhPTDdFVlRxRjhmOFFsZm1hakhzCjZ0LzdMOGRDaU82ZzJQOE0wYUZCM08xTkNMYVNCUTVHTnFoRnM4UW43MktNVlFJREFRQUJveU13SVRBT0JnTlYKSFE4QkFmOEVCQU1DQWdRd0R3WURWUjBUQVFIL0JBVXdBd0VCL3pBTkJna3Foa2lHOXcwQkFRc0ZBQU9DQVFFQQprMlNTWEEwM2pRYktsNXRiRE1RVVJIeDVkbnBaRTJscHl1dlFmemc4V0JITlBSSWp2bUlHTTdHTExMM0ZxSzZNCmxxWVBVN2lhSmZrMXFtVnFrMXpwZlFjOE1VT1NISmhHa1Eya1Z1aWdORk9ZZ2RDeUx4aTVKcmRyRnBsYTlSVEIKZVF2aVkxVHB3V0FZWU55SnE2enBRMCtQd2ZHUURacWZzbnZ4cG1RckpGOWFqMkhHQWtRUVRJc3JzYnY4amY4eQpEbFZ2U1QzTnQ2YnhIMXhQSjhnVUFLa3lCUTZPRkpzT05FYUNlUXlLOThqUkxnd3RESXQwNCtIeG01ci8xaU1oCkFxWjB2WUUwa0dOSjJ0SkNIYW1XcHREbitVRmJMMDJlMTRjSDVjaVR3TjZGWnZvWWxUaXlKU1V0WjZyU0R6Vk8KZ0lxUGJ4OWR4aW5KamRzSTU4Rklldz09Ci0tLS0tRU5EIENFUlRJRklDQVRFLS0tLS0K",
                "password": "",
                "username": ""
              }
            ],
            "master_authorized_networks_config": [],
            "master_version": "1.12.8-gke.10",
            "min_master_version": null,
            "monitoring_service": "monitoring.googleapis.com",
            "name": "my-gke-cluster",
            "network": "projects/nth-record-246512/global/networks/default",
            "network_policy": [
              {
                "enabled": false,
                "provider": "PROVIDER_UNSPECIFIED"
              }
            ],
            "node_config": [],
            "node_locations": [],
            "node_pool": [],
            "node_version": "1.12.8-gke.10",
            "pod_security_policy_config": [],
            "private_cluster_config": [],
            "project": "nth-record-246512",
            "region": null,
            "remove_default_node_pool": true,
            "resource_labels": null,
            "services_ipv4_cidr": "10.35.240.0/20",
            "subnetwork": "projects/nth-record-246512/regions/europe-west4/subnetworks/default",
            "timeouts": null,
            "zone": "europe-west4-a"
          },
          "private": "eyJlMmJmYjczMC1lY2FhLTExZTYtOGY4OC0zNDM2M2JjN2M0YzAiOnsiY3JlYXRlIjoxODAwMDAwMDAwMDAwLCJkZWxldGUiOjE4MDAwMDAwMDAwMDAsInVwZGF0ZSI6MzYwMDAwMDAwMDAwMH0sInNjaGVtYV92ZXJzaW9uIjoiMSJ9"
        }
      ]
    },
    {
      "mode": "managed",
      "type": "google_container_node_pool",
      "name": "primary_preemptible_nodes",
      "provider": "provider.google",
      "instances": [
        {
          "schema_version": 1,
          "attributes": {
            "autoscaling": [],
            "cluster": "my-gke-cluster",
            "id": "europe-west4-a/my-gke-cluster/my-node-pool",
            "initial_node_count": 1,
            "instance_group_urls": [
              "https://www.googleapis.com/compute/v1/projects/nth-record-246512/zones/europe-west4-a/instanceGroupManagers/gke-my-gke-cluster-my-node-pool-fbb08fd1-grp"
            ],
            "location": "europe-west4-a",
            "management": [
              {
                "auto_repair": false,
                "auto_upgrade": false
              }
            ],
            "max_pods_per_node": null,
            "name": "my-node-pool",
            "name_prefix": "",
            "node_config": [
              {
                "disk_size_gb": 100,
                "disk_type": "pd-standard",
                "guest_accelerator": [],
                "image_type": "COS",
                "labels": {},
                "local_ssd_count": 0,
                "machine_type": "n1-standard-1",
                "metadata": {
                  "disable-legacy-endpoints": "true"
                },
                "min_cpu_platform": "",
                "oauth_scopes": [
                  "https://www.googleapis.com/auth/devstorage.read_only",
                  "https://www.googleapis.com/auth/logging.write",
                  "https://www.googleapis.com/auth/monitoring",
                  "https://www.googleapis.com/auth/service.management.readonly",
                  "https://www.googleapis.com/auth/servicecontrol",
                  "https://www.googleapis.com/auth/trace.append"
                ],
                "preemptible": true,
                "sandbox_config": [],
                "service_account": "default",
                "tags": null,
                "taint": [],
                "workload_metadata_config": []
              }
            ],
            "node_count": 1,
            "project": "nth-record-246512",
            "region": null,
            "timeouts": null,
            "version": "1.12.8-gke.10",
            "zone": "europe-west4-a"
          },
          "private": "eyJlMmJmYjczMC1lY2FhLTExZTYtOGY4OC0zNDM2M2JjN2M0YzAiOnsiY3JlYXRlIjoxODAwMDAwMDAwMDAwLCJkZWxldGUiOjYwMDAwMDAwMDAwMCwidXBkYXRlIjo2MDAwMDAwMDAwMDB9LCJzY2hlbWFfdmVyc2lvbiI6IjEifQ==",
          "depends_on": [
            "google_container_cluster.primary"
          ]
        }
      ]
    }
  ]
}
